# Generated by buf. DO NOT EDIT.
version: v2
deps:
  - name: buf.build/sei-protocol/cosmos-sdk
    commit: 7e6793939a1842cdb9741e6a2c65669e
    digest: b5:fb3a062a4600f02fd7e1c21bd6b18ea08c162e024eecdd0351c163a349cd8e369cf2edc9c2ea76ed321d2a5846ac6cc146db48567439400cacbedcb22ced8a43
  - name: buf.build/sei-protocol/third-party
    commit: ec63a6f27ea04039953185599c21efc2
    digest: b5:db0ba672d84a1cfd9e0eff91ae6c70a240507c8b16e443e6bb54b1cc1e5ed92c11e4e4548b0deb818fe95e321bfef052b19ced1c5a1450260e589182921385f9
